// !$*UTF8*$!
{
	archiveVersion = 1;
	classes = {
	};
	objectVersion = 46;
	objects = {

/* Begin PBXBuildFile section */
		4D2393EB158304E7007F9922 /* SQLLiteController.m in Sources */ = {isa = PBXBuildFile; fileRef = 4D2393EA158304E7007F9922 /* SQLLiteController.m */; };
		4D2393F01583066D007F9922 /* dan.sqlite in Resources */ = {isa = PBXBuildFile; fileRef = 4D2393EF1583066D007F9922 /* dan.sqlite */; };
		4D239400158319D1007F9922 /* DataSyncController.m in Sources */ = {isa = PBXBuildFile; fileRef = 4D2393FF158319D1007F9922 /* DataSyncController.m */; };
		4D23940315831F50007F9922 /* libsqlite3.0.dylib in Frameworks */ = {isa = PBXBuildFile; fileRef = 4D23940215831F50007F9922 /* libsqlite3.0.dylib */; };
		7AAC2C3BD6AD402696EBDEAE /* libPods.a in Frameworks */ = {isa = PBXBuildFile; fileRef = 317E86C0A7A84F39B34AB853 /* libPods.a */; };
		9F1F74D31570C8F5009B289B /* NewItemViewController.m in Sources */ = {isa = PBXBuildFile; fileRef = 9F1F74D21570C8F5009B289B /* NewItemViewController.m */; };
		9F29B84A1582FCD000BFDE01 /* SideSwipeTableViewCell.m in Sources */ = {isa = PBXBuildFile; fileRef = 9F29B8491582FCD000BFDE01 /* SideSwipeTableViewCell.m */; };
		9F29B85B1582FFC500BFDE01 /* action.png in Resources */ = {isa = PBXBuildFile; fileRef = 9F29B84C1582FFC500BFDE01 /* action.png */; };
		9F29B85C1582FFC500BFDE01 /* action@2x.png in Resources */ = {isa = PBXBuildFile; fileRef = 9F29B84D1582FFC500BFDE01 /* action@2x.png */; };
		9F29B85D1582FFC500BFDE01 /* dotted-pattern.png in Resources */ = {isa = PBXBuildFile; fileRef = 9F29B84E1582FFC500BFDE01 /* dotted-pattern.png */; };
		9F29B85E1582FFC500BFDE01 /* dotted-pattern@2x.png in Resources */ = {isa = PBXBuildFile; fileRef = 9F29B84F1582FFC500BFDE01 /* dotted-pattern@2x.png */; };
		9F29B85F1582FFC500BFDE01 /* inner-shadow.png in Resources */ = {isa = PBXBuildFile; fileRef = 9F29B8501582FFC500BFDE01 /* inner-shadow.png */; };
		9F29B8601582FFC500BFDE01 /* paperclip.png in Resources */ = {isa = PBXBuildFile; fileRef = 9F29B8511582FFC500BFDE01 /* paperclip.png */; };
		9F29B8611582FFC500BFDE01 /* paperclip@2x.png in Resources */ = {isa = PBXBuildFile; fileRef = 9F29B8521582FFC500BFDE01 /* paperclip@2x.png */; };
		9F29B8621582FFC500BFDE01 /* person.png in Resources */ = {isa = PBXBuildFile; fileRef = 9F29B8531582FFC500BFDE01 /* person.png */; };
		9F29B8631582FFC500BFDE01 /* person@2x.png in Resources */ = {isa = PBXBuildFile; fileRef = 9F29B8541582FFC500BFDE01 /* person@2x.png */; };
		9F29B8641582FFC500BFDE01 /* reply.png in Resources */ = {isa = PBXBuildFile; fileRef = 9F29B8551582FFC500BFDE01 /* reply.png */; };
		9F29B8651582FFC500BFDE01 /* reply@2x.png in Resources */ = {isa = PBXBuildFile; fileRef = 9F29B8561582FFC500BFDE01 /* reply@2x.png */; };
		9F29B8661582FFC500BFDE01 /* retweet-outline-button-item.png in Resources */ = {isa = PBXBuildFile; fileRef = 9F29B8571582FFC500BFDE01 /* retweet-outline-button-item.png */; };
		9F29B8671582FFC500BFDE01 /* retweet-outline-button-item@2x.png in Resources */ = {isa = PBXBuildFile; fileRef = 9F29B8581582FFC500BFDE01 /* retweet-outline-button-item@2x.png */; };
		9F29B8681582FFC500BFDE01 /* star-hollow.png in Resources */ = {isa = PBXBuildFile; fileRef = 9F29B8591582FFC500BFDE01 /* star-hollow.png */; };
		9F29B8691582FFC500BFDE01 /* star-hollow@2x.png in Resources */ = {isa = PBXBuildFile; fileRef = 9F29B85A1582FFC500BFDE01 /* star-hollow@2x.png */; };
		9F29B8791583250A00BFDE01 /* UIColor+UIColor_Hex.m in Sources */ = {isa = PBXBuildFile; fileRef = 9F29B8781583250A00BFDE01 /* UIColor+UIColor_Hex.m */; };
		9F29B87B15832D7800BFDE01 /* AssetsLibrary.framework in Frameworks */ = {isa = PBXBuildFile; fileRef = 9F29B87A15832D7800BFDE01 /* AssetsLibrary.framework */; };
		9F29B87E158334A500BFDE01 /* PreviewViewController.m in Sources */ = {isa = PBXBuildFile; fileRef = 9F29B87D158334A500BFDE01 /* PreviewViewController.m */; };
		9FB4F13815707BA2002EE549 /* UIKit.framework in Frameworks */ = {isa = PBXBuildFile; fileRef = 9FB4F13715707BA2002EE549 /* UIKit.framework */; };
		9FB4F13A15707BA2002EE549 /* Foundation.framework in Frameworks */ = {isa = PBXBuildFile; fileRef = 9FB4F13915707BA2002EE549 /* Foundation.framework */; };
		9FB4F13C15707BA2002EE549 /* CoreGraphics.framework in Frameworks */ = {isa = PBXBuildFile; fileRef = 9FB4F13B15707BA2002EE549 /* CoreGraphics.framework */; };
		9FB4F14215707BA2002EE549 /* InfoPlist.strings in Resources */ = {isa = PBXBuildFile; fileRef = 9FB4F14015707BA2002EE549 /* InfoPlist.strings */; };
		9FB4F14415707BA2002EE549 /* main.m in Sources */ = {isa = PBXBuildFile; fileRef = 9FB4F14315707BA2002EE549 /* main.m */; };
		9FB4F14815707BA2002EE549 /* AppDelegate.m in Sources */ = {isa = PBXBuildFile; fileRef = 9FB4F14715707BA2002EE549 /* AppDelegate.m */; };
		9FB4F14B15707BA2002EE549 /* MainStoryboard.storyboard in Resources */ = {isa = PBXBuildFile; fileRef = 9FB4F14915707BA2002EE549 /* MainStoryboard.storyboard */; };
		9FB4F16915707E9C002EE549 /* ListsTableViewController.m in Sources */ = {isa = PBXBuildFile; fileRef = 9FB4F16815707E9C002EE549 /* ListsTableViewController.m */; };
		9FB4F170157085E1002EE549 /* ListDetailTableViewController.m in Sources */ = {isa = PBXBuildFile; fileRef = 9FB4F16F157085E1002EE549 /* ListDetailTableViewController.m */; };
		9FB4F173157086CE002EE549 /* NewListTableViewController.m in Sources */ = {isa = PBXBuildFile; fileRef = 9FB4F172157086CE002EE549 /* NewListTableViewController.m */; };
		9FB4F17A15708A5D002EE549 /* PickCategoryTableViewController.m in Sources */ = {isa = PBXBuildFile; fileRef = 9FB4F17915708A5D002EE549 /* PickCategoryTableViewController.m */; };
		9FB4F17D15708D94002EE549 /* dot.png in Resources */ = {isa = PBXBuildFile; fileRef = 9FB4F17C15708D94002EE549 /* dot.png */; };
/* End PBXBuildFile section */

/* Begin PBXFileReference section */
		317E86C0A7A84F39B34AB853 /* libPods.a */ = {isa = PBXFileReference; explicitFileType = archive.ar; includeInIndex = 0; path = libPods.a; sourceTree = BUILT_PRODUCTS_DIR; };
		48F537BB258244ECB81BA6EA /* Pods.xcconfig */ = {isa = PBXFileReference; lastKnownFileType = text.xcconfig; name = Pods.xcconfig; path = Pods/Pods.xcconfig; sourceTree = SOURCE_ROOT; };
		4D2393E9158304E7007F9922 /* SQLLiteController.h */ = {isa = PBXFileReference; fileEncoding = 4; lastKnownFileType = sourcecode.c.h; path = SQLLiteController.h; sourceTree = "<group>"; };
		4D2393EA158304E7007F9922 /* SQLLiteController.m */ = {isa = PBXFileReference; fileEncoding = 4; lastKnownFileType = sourcecode.c.objc; path = SQLLiteController.m; sourceTree = "<group>"; };
		4D2393EF1583066D007F9922 /* dan.sqlite */ = {isa = PBXFileReference; lastKnownFileType = file; path = dan.sqlite; sourceTree = "<group>"; };
		4D2393FE158319D1007F9922 /* DataSyncController.h */ = {isa = PBXFileReference; fileEncoding = 4; lastKnownFileType = sourcecode.c.h; path = DataSyncController.h; sourceTree = "<group>"; };
		4D2393FF158319D1007F9922 /* DataSyncController.m */ = {isa = PBXFileReference; fileEncoding = 4; lastKnownFileType = sourcecode.c.objc; path = DataSyncController.m; sourceTree = "<group>"; };
		4D23940115831B93007F9922 /* Constants.h */ = {isa = PBXFileReference; fileEncoding = 4; lastKnownFileType = sourcecode.c.h; path = Constants.h; sourceTree = "<group>"; };
		4D23940215831F50007F9922 /* libsqlite3.0.dylib */ = {isa = PBXFileReference; lastKnownFileType = "compiled.mach-o.dylib"; name = libsqlite3.0.dylib; path = usr/lib/libsqlite3.0.dylib; sourceTree = SDKROOT; };
		9F1F74D11570C8F5009B289B /* NewItemViewController.h */ = {isa = PBXFileReference; fileEncoding = 4; lastKnownFileType = sourcecode.c.h; path = NewItemViewController.h; sourceTree = "<group>"; };
		9F1F74D21570C8F5009B289B /* NewItemViewController.m */ = {isa = PBXFileReference; fileEncoding = 4; lastKnownFileType = sourcecode.c.objc; path = NewItemViewController.m; sourceTree = "<group>"; };
		9F29B8481582FCD000BFDE01 /* SideSwipeTableViewCell.h */ = {isa = PBXFileReference; fileEncoding = 4; lastKnownFileType = sourcecode.c.h; path = SideSwipeTableViewCell.h; sourceTree = "<group>"; };
		9F29B8491582FCD000BFDE01 /* SideSwipeTableViewCell.m */ = {isa = PBXFileReference; fileEncoding = 4; lastKnownFileType = sourcecode.c.objc; path = SideSwipeTableViewCell.m; sourceTree = "<group>"; };
		9F29B84C1582FFC500BFDE01 /* action.png */ = {isa = PBXFileReference; lastKnownFileType = image.png; path = action.png; sourceTree = "<group>"; };
		9F29B84D1582FFC500BFDE01 /* action@2x.png */ = {isa = PBXFileReference; lastKnownFileType = image.png; path = "action@2x.png"; sourceTree = "<group>"; };
		9F29B84E1582FFC500BFDE01 /* dotted-pattern.png */ = {isa = PBXFileReference; lastKnownFileType = image.png; path = "dotted-pattern.png"; sourceTree = "<group>"; };
		9F29B84F1582FFC500BFDE01 /* dotted-pattern@2x.png */ = {isa = PBXFileReference; lastKnownFileType = image.png; path = "dotted-pattern@2x.png"; sourceTree = "<group>"; };
		9F29B8501582FFC500BFDE01 /* inner-shadow.png */ = {isa = PBXFileReference; lastKnownFileType = image.png; path = "inner-shadow.png"; sourceTree = "<group>"; };
		9F29B8511582FFC500BFDE01 /* paperclip.png */ = {isa = PBXFileReference; lastKnownFileType = image.png; path = paperclip.png; sourceTree = "<group>"; };
		9F29B8521582FFC500BFDE01 /* paperclip@2x.png */ = {isa = PBXFileReference; lastKnownFileType = image.png; path = "paperclip@2x.png"; sourceTree = "<group>"; };
		9F29B8531582FFC500BFDE01 /* person.png */ = {isa = PBXFileReference; lastKnownFileType = image.png; path = person.png; sourceTree = "<group>"; };
		9F29B8541582FFC500BFDE01 /* person@2x.png */ = {isa = PBXFileReference; lastKnownFileType = image.png; path = "person@2x.png"; sourceTree = "<group>"; };
		9F29B8551582FFC500BFDE01 /* reply.png */ = {isa = PBXFileReference; lastKnownFileType = image.png; path = reply.png; sourceTree = "<group>"; };
		9F29B8561582FFC500BFDE01 /* reply@2x.png */ = {isa = PBXFileReference; lastKnownFileType = image.png; path = "reply@2x.png"; sourceTree = "<group>"; };
		9F29B8571582FFC500BFDE01 /* retweet-outline-button-item.png */ = {isa = PBXFileReference; lastKnownFileType = image.png; path = "retweet-outline-button-item.png"; sourceTree = "<group>"; };
		9F29B8581582FFC500BFDE01 /* retweet-outline-button-item@2x.png */ = {isa = PBXFileReference; lastKnownFileType = image.png; path = "retweet-outline-button-item@2x.png"; sourceTree = "<group>"; };
		9F29B8591582FFC500BFDE01 /* star-hollow.png */ = {isa = PBXFileReference; lastKnownFileType = image.png; path = "star-hollow.png"; sourceTree = "<group>"; };
		9F29B85A1582FFC500BFDE01 /* star-hollow@2x.png */ = {isa = PBXFileReference; lastKnownFileType = image.png; path = "star-hollow@2x.png"; sourceTree = "<group>"; };
		9F29B8771583250A00BFDE01 /* UIColor+UIColor_Hex.h */ = {isa = PBXFileReference; fileEncoding = 4; lastKnownFileType = sourcecode.c.h; path = "UIColor+UIColor_Hex.h"; sourceTree = "<group>"; };
		9F29B8781583250A00BFDE01 /* UIColor+UIColor_Hex.m */ = {isa = PBXFileReference; fileEncoding = 4; lastKnownFileType = sourcecode.c.objc; path = "UIColor+UIColor_Hex.m"; sourceTree = "<group>"; };
		9F29B87A15832D7800BFDE01 /* AssetsLibrary.framework */ = {isa = PBXFileReference; lastKnownFileType = wrapper.framework; name = AssetsLibrary.framework; path = System/Library/Frameworks/AssetsLibrary.framework; sourceTree = SDKROOT; };
		9F29B87C158334A500BFDE01 /* PreviewViewController.h */ = {isa = PBXFileReference; fileEncoding = 4; lastKnownFileType = sourcecode.c.h; path = PreviewViewController.h; sourceTree = "<group>"; };
		9F29B87D158334A500BFDE01 /* PreviewViewController.m */ = {isa = PBXFileReference; fileEncoding = 4; lastKnownFileType = sourcecode.c.objc; path = PreviewViewController.m; sourceTree = "<group>"; };
		9FB4F13315707BA2002EE549 /* dandan.app */ = {isa = PBXFileReference; explicitFileType = wrapper.application; includeInIndex = 0; path = dandan.app; sourceTree = BUILT_PRODUCTS_DIR; };
		9FB4F13715707BA2002EE549 /* UIKit.framework */ = {isa = PBXFileReference; lastKnownFileType = wrapper.framework; name = UIKit.framework; path = System/Library/Frameworks/UIKit.framework; sourceTree = SDKROOT; };
		9FB4F13915707BA2002EE549 /* Foundation.framework */ = {isa = PBXFileReference; lastKnownFileType = wrapper.framework; name = Foundation.framework; path = System/Library/Frameworks/Foundation.framework; sourceTree = SDKROOT; };
		9FB4F13B15707BA2002EE549 /* CoreGraphics.framework */ = {isa = PBXFileReference; lastKnownFileType = wrapper.framework; name = CoreGraphics.framework; path = System/Library/Frameworks/CoreGraphics.framework; sourceTree = SDKROOT; };
		9FB4F13F15707BA2002EE549 /* dandan-Info.plist */ = {isa = PBXFileReference; lastKnownFileType = text.plist.xml; path = "dandan-Info.plist"; sourceTree = "<group>"; };
		9FB4F14115707BA2002EE549 /* en */ = {isa = PBXFileReference; lastKnownFileType = text.plist.strings; name = en; path = en.lproj/InfoPlist.strings; sourceTree = "<group>"; };
		9FB4F14315707BA2002EE549 /* main.m */ = {isa = PBXFileReference; lastKnownFileType = sourcecode.c.objc; path = main.m; sourceTree = "<group>"; };
		9FB4F14515707BA2002EE549 /* dandan-Prefix.pch */ = {isa = PBXFileReference; lastKnownFileType = sourcecode.c.h; path = "dandan-Prefix.pch"; sourceTree = "<group>"; };
		9FB4F14615707BA2002EE549 /* AppDelegate.h */ = {isa = PBXFileReference; lastKnownFileType = sourcecode.c.h; path = AppDelegate.h; sourceTree = "<group>"; };
		9FB4F14715707BA2002EE549 /* AppDelegate.m */ = {isa = PBXFileReference; lastKnownFileType = sourcecode.c.objc; path = AppDelegate.m; sourceTree = "<group>"; };
		9FB4F14A15707BA2002EE549 /* en */ = {isa = PBXFileReference; lastKnownFileType = file.storyboard; name = en; path = en.lproj/MainStoryboard.storyboard; sourceTree = "<group>"; };
		9FB4F16715707E9C002EE549 /* ListsTableViewController.h */ = {isa = PBXFileReference; fileEncoding = 4; lastKnownFileType = sourcecode.c.h; path = ListsTableViewController.h; sourceTree = "<group>"; };
		9FB4F16815707E9C002EE549 /* ListsTableViewController.m */ = {isa = PBXFileReference; fileEncoding = 4; lastKnownFileType = sourcecode.c.objc; path = ListsTableViewController.m; sourceTree = "<group>"; };
		9FB4F16E157085E1002EE549 /* ListDetailTableViewController.h */ = {isa = PBXFileReference; fileEncoding = 4; lastKnownFileType = sourcecode.c.h; path = ListDetailTableViewController.h; sourceTree = "<group>"; };
		9FB4F16F157085E1002EE549 /* ListDetailTableViewController.m */ = {isa = PBXFileReference; fileEncoding = 4; lastKnownFileType = sourcecode.c.objc; path = ListDetailTableViewController.m; sourceTree = "<group>"; };
		9FB4F171157086CE002EE549 /* NewListTableViewController.h */ = {isa = PBXFileReference; fileEncoding = 4; lastKnownFileType = sourcecode.c.h; path = NewListTableViewController.h; sourceTree = "<group>"; };
		9FB4F172157086CE002EE549 /* NewListTableViewController.m */ = {isa = PBXFileReference; fileEncoding = 4; lastKnownFileType = sourcecode.c.objc; path = NewListTableViewController.m; sourceTree = "<group>"; };
		9FB4F17815708A5D002EE549 /* PickCategoryTableViewController.h */ = {isa = PBXFileReference; fileEncoding = 4; lastKnownFileType = sourcecode.c.h; path = PickCategoryTableViewController.h; sourceTree = "<group>"; };
		9FB4F17915708A5D002EE549 /* PickCategoryTableViewController.m */ = {isa = PBXFileReference; fileEncoding = 4; lastKnownFileType = sourcecode.c.objc; path = PickCategoryTableViewController.m; sourceTree = "<group>"; };
		9FB4F17C15708D94002EE549 /* dot.png */ = {isa = PBXFileReference; lastKnownFileType = image.png; path = dot.png; sourceTree = "<group>"; };
/* End PBXFileReference section */

/* Begin PBXFrameworksBuildPhase section */
		9FB4F13015707BA2002EE549 /* Frameworks */ = {
			isa = PBXFrameworksBuildPhase;
			buildActionMask = 2147483647;
			files = (
				9F29B87B15832D7800BFDE01 /* AssetsLibrary.framework in Frameworks */,
				4D23940315831F50007F9922 /* libsqlite3.0.dylib in Frameworks */,
				9FB4F13815707BA2002EE549 /* UIKit.framework in Frameworks */,
				9FB4F13A15707BA2002EE549 /* Foundation.framework in Frameworks */,
				9FB4F13C15707BA2002EE549 /* CoreGraphics.framework in Frameworks */,
				7AAC2C3BD6AD402696EBDEAE /* libPods.a in Frameworks */,
			);
			runOnlyForDeploymentPostprocessing = 0;
		};
/* End PBXFrameworksBuildPhase section */

/* Begin PBXGroup section */
		9FB4F12815707BA2002EE549 = {
			isa = PBXGroup;
			children = (
				9FB4F13D15707BA2002EE549 /* dandan */,
				9FB4F13615707BA2002EE549 /* Frameworks */,
				9FB4F13415707BA2002EE549 /* Products */,
				48F537BB258244ECB81BA6EA /* Pods.xcconfig */,
			);
			sourceTree = "<group>";
		};
		9FB4F13415707BA2002EE549 /* Products */ = {
			isa = PBXGroup;
			children = (
				9FB4F13315707BA2002EE549 /* dandan.app */,
			);
			name = Products;
			sourceTree = "<group>";
		};
		9FB4F13615707BA2002EE549 /* Frameworks */ = {
			isa = PBXGroup;
			children = (
				9F29B87A15832D7800BFDE01 /* AssetsLibrary.framework */,
				4D23940215831F50007F9922 /* libsqlite3.0.dylib */,
				9FB4F13715707BA2002EE549 /* UIKit.framework */,
				9FB4F13915707BA2002EE549 /* Foundation.framework */,
				9FB4F13B15707BA2002EE549 /* CoreGraphics.framework */,
				317E86C0A7A84F39B34AB853 /* libPods.a */,
			);
			name = Frameworks;
			sourceTree = "<group>";
		};
		9FB4F13D15707BA2002EE549 /* dandan */ = {
			isa = PBXGroup;
			children = (
				9F29B8771583250A00BFDE01 /* UIColor+UIColor_Hex.h */,
				9F29B8781583250A00BFDE01 /* UIColor+UIColor_Hex.m */,
				4D2393EF1583066D007F9922 /* dan.sqlite */,
				9F29B8481582FCD000BFDE01 /* SideSwipeTableViewCell.h */,
				9F29B8491582FCD000BFDE01 /* SideSwipeTableViewCell.m */,
				9FB4F14615707BA2002EE549 /* AppDelegate.h */,
				9FB4F14715707BA2002EE549 /* AppDelegate.m */,
				9FB4F14915707BA2002EE549 /* MainStoryboard.storyboard */,
				9FB4F13E15707BA2002EE549 /* Supporting Files */,
				9FB4F16715707E9C002EE549 /* ListsTableViewController.h */,
				9FB4F16815707E9C002EE549 /* ListsTableViewController.m */,
				9FB4F16E157085E1002EE549 /* ListDetailTableViewController.h */,
				9FB4F16F157085E1002EE549 /* ListDetailTableViewController.m */,
				9FB4F171157086CE002EE549 /* NewListTableViewController.h */,
				9FB4F172157086CE002EE549 /* NewListTableViewController.m */,
				9FB4F17815708A5D002EE549 /* PickCategoryTableViewController.h */,
				9FB4F17915708A5D002EE549 /* PickCategoryTableViewController.m */,
				9F1F74D11570C8F5009B289B /* NewItemViewController.h */,
				9F1F74D21570C8F5009B289B /* NewItemViewController.m */,
				9F29B87C158334A500BFDE01 /* PreviewViewController.h */,
				9F29B87D158334A500BFDE01 /* PreviewViewController.m */,
				4D2393E9158304E7007F9922 /* SQLLiteController.h */,
				4D2393EA158304E7007F9922 /* SQLLiteController.m */,
				4D2393FE158319D1007F9922 /* DataSyncController.h */,
				4D2393FF158319D1007F9922 /* DataSyncController.m */,
				4D23940115831B93007F9922 /* Constants.h */,
			);
			path = dandan;
			sourceTree = "<group>";
		};
		9FB4F13E15707BA2002EE549 /* Supporting Files */ = {
			isa = PBXGroup;
			children = (
				9FB4F17B15708D72002EE549 /* Images */,
				9FB4F13F15707BA2002EE549 /* dandan-Info.plist */,
				9FB4F14015707BA2002EE549 /* InfoPlist.strings */,
				9FB4F14315707BA2002EE549 /* main.m */,
				9FB4F14515707BA2002EE549 /* dandan-Prefix.pch */,
			);
			name = "Supporting Files";
			sourceTree = "<group>";
		};
		9FB4F17B15708D72002EE549 /* Images */ = {
			isa = PBXGroup;
			children = (
				9F29B84C1582FFC500BFDE01 /* action.png */,
				9F29B84D1582FFC500BFDE01 /* action@2x.png */,
				9F29B84E1582FFC500BFDE01 /* dotted-pattern.png */,
				9F29B84F1582FFC500BFDE01 /* dotted-pattern@2x.png */,
				9F29B8501582FFC500BFDE01 /* inner-shadow.png */,
				9F29B8511582FFC500BFDE01 /* paperclip.png */,
				9F29B8521582FFC500BFDE01 /* paperclip@2x.png */,
				9F29B8531582FFC500BFDE01 /* person.png */,
				9F29B8541582FFC500BFDE01 /* person@2x.png */,
				9F29B8551582FFC500BFDE01 /* reply.png */,
				9F29B8561582FFC500BFDE01 /* reply@2x.png */,
				9F29B8571582FFC500BFDE01 /* retweet-outline-button-item.png */,
				9F29B8581582FFC500BFDE01 /* retweet-outline-button-item@2x.png */,
				9F29B8591582FFC500BFDE01 /* star-hollow.png */,
				9F29B85A1582FFC500BFDE01 /* star-hollow@2x.png */,
				9FB4F17C15708D94002EE549 /* dot.png */,
			);
			name = Images;
			sourceTree = "<group>";
		};
/* End PBXGroup section */

/* Begin PBXNativeTarget section */
		9FB4F13215707BA2002EE549 /* dandan */ = {
			isa = PBXNativeTarget;
			buildConfigurationList = 9FB4F15C15707BA2002EE549 /* Build configuration list for PBXNativeTarget "dandan" */;
			buildPhases = (
				9FB4F12F15707BA2002EE549 /* Sources */,
				9FB4F13015707BA2002EE549 /* Frameworks */,
				9FB4F13115707BA2002EE549 /* Resources */,
				541F9BDBCC154423AC57C11E /* Copy Pods Resources */,
			);
			buildRules = (
			);
			dependencies = (
			);
			name = dandan;
			productName = dandan;
			productReference = 9FB4F13315707BA2002EE549 /* dandan.app */;
			productType = "com.apple.product-type.application";
		};
/* End PBXNativeTarget section */

/* Begin PBXProject section */
		9FB4F12A15707BA2002EE549 /* Project object */ = {
			isa = PBXProject;
			attributes = {
				LastUpgradeCheck = 0430;
			};
			buildConfigurationList = 9FB4F12D15707BA2002EE549 /* Build configuration list for PBXProject "dandan" */;
			compatibilityVersion = "Xcode 3.2";
			developmentRegion = English;
			hasScannedForEncodings = 0;
			knownRegions = (
				en,
			);
			mainGroup = 9FB4F12815707BA2002EE549;
			productRefGroup = 9FB4F13415707BA2002EE549 /* Products */;
			projectDirPath = "";
			projectRoot = "";
			targets = (
				9FB4F13215707BA2002EE549 /* dandan */,
			);
		};
/* End PBXProject section */

/* Begin PBXResourcesBuildPhase section */
		9FB4F13115707BA2002EE549 /* Resources */ = {
			isa = PBXResourcesBuildPhase;
			buildActionMask = 2147483647;
			files = (
				9FB4F14215707BA2002EE549 /* InfoPlist.strings in Resources */,
				9FB4F14B15707BA2002EE549 /* MainStoryboard.storyboard in Resources */,
				9FB4F17D15708D94002EE549 /* dot.png in Resources */,
				9F29B85B1582FFC500BFDE01 /* action.png in Resources */,
				9F29B85C1582FFC500BFDE01 /* action@2x.png in Resources */,
				9F29B85D1582FFC500BFDE01 /* dotted-pattern.png in Resources */,
				9F29B85E1582FFC500BFDE01 /* dotted-pattern@2x.png in Resources */,
				9F29B85F1582FFC500BFDE01 /* inner-shadow.png in Resources */,
				9F29B8601582FFC500BFDE01 /* paperclip.png in Resources */,
				9F29B8611582FFC500BFDE01 /* paperclip@2x.png in Resources */,
				9F29B8621582FFC500BFDE01 /* person.png in Resources */,
				9F29B8631582FFC500BFDE01 /* person@2x.png in Resources */,
				9F29B8641582FFC500BFDE01 /* reply.png in Resources */,
				9F29B8651582FFC500BFDE01 /* reply@2x.png in Resources */,
				9F29B8661582FFC500BFDE01 /* retweet-outline-button-item.png in Resources */,
				9F29B8671582FFC500BFDE01 /* retweet-outline-button-item@2x.png in Resources */,
				9F29B8681582FFC500BFDE01 /* star-hollow.png in Resources */,
				9F29B8691582FFC500BFDE01 /* star-hollow@2x.png in Resources */,
				4D2393F01583066D007F9922 /* dan.sqlite in Resources */,
			);
			runOnlyForDeploymentPostprocessing = 0;
		};
/* End PBXResourcesBuildPhase section */

/* Begin PBXShellScriptBuildPhase section */
		541F9BDBCC154423AC57C11E /* Copy Pods Resources */ = {
			isa = PBXShellScriptBuildPhase;
			buildActionMask = 2147483647;
			files = (
			);
			inputPaths = (
			);
			name = "Copy Pods Resources";
			outputPaths = (
			);
			runOnlyForDeploymentPostprocessing = 0;
			shellPath = /bin/sh;
			shellScript = "\"${SRCROOT}/Pods/Pods-resources.sh\"\n";
		};
/* End PBXShellScriptBuildPhase section */

/* Begin PBXSourcesBuildPhase section */
		9FB4F12F15707BA2002EE549 /* Sources */ = {
			isa = PBXSourcesBuildPhase;
			buildActionMask = 2147483647;
			files = (
				9FB4F14415707BA2002EE549 /* main.m in Sources */,
				9FB4F14815707BA2002EE549 /* AppDelegate.m in Sources */,
				9FB4F16915707E9C002EE549 /* ListsTableViewController.m in Sources */,
				9FB4F170157085E1002EE549 /* ListDetailTableViewController.m in Sources */,
				9FB4F173157086CE002EE549 /* NewListTableViewController.m in Sources */,
				9FB4F17A15708A5D002EE549 /* PickCategoryTableViewController.m in Sources */,
				9F1F74D31570C8F5009B289B /* NewItemViewController.m in Sources */,
				9F29B84A1582FCD000BFDE01 /* SideSwipeTableViewCell.m in Sources */,
				9F29B8791583250A00BFDE01 /* UIColor+UIColor_Hex.m in Sources */,
				9F29B87E158334A500BFDE01 /* PreviewViewController.m in Sources */,
				4D2393EB158304E7007F9922 /* SQLLiteController.m in Sources */,
				4D239400158319D1007F9922 /* DataSyncController.m in Sources */,
			);
			runOnlyForDeploymentPostprocessing = 0;
		};
/* End PBXSourcesBuildPhase section */

/* Begin PBXVariantGroup section */
		9FB4F14015707BA2002EE549 /* InfoPlist.strings */ = {
			isa = PBXVariantGroup;
			children = (
				9FB4F14115707BA2002EE549 /* en */,
			);
			name = InfoPlist.strings;
			sourceTree = "<group>";
		};
		9FB4F14915707BA2002EE549 /* MainStoryboard.storyboard */ = {
			isa = PBXVariantGroup;
			children = (
				9FB4F14A15707BA2002EE549 /* en */,
			);
			name = MainStoryboard.storyboard;
			sourceTree = "<group>";
		};
/* End PBXVariantGroup section */

/* Begin XCBuildConfiguration section */
		9FB4F15A15707BA2002EE549 /* Debug */ = {
			isa = XCBuildConfiguration;
			buildSettings = {
				ALWAYS_SEARCH_USER_PATHS = NO;
				ARCHS = "$(ARCHS_STANDARD_32_BIT)";
				CLANG_ENABLE_OBJC_ARC = YES;
				"CODE_SIGN_IDENTITY[sdk=iphoneos*]" = "iPhone Developer";
				COPY_PHASE_STRIP = NO;
				GCC_C_LANGUAGE_STANDARD = gnu99;
				GCC_DYNAMIC_NO_PIC = NO;
				GCC_OPTIMIZATION_LEVEL = 0;
				GCC_PREPROCESSOR_DEFINITIONS = (
					"DEBUG=1",
					"$(inherited)",
				);
				GCC_SYMBOLS_PRIVATE_EXTERN = NO;
				GCC_VERSION = com.apple.compilers.llvm.clang.1_0;
				GCC_WARN_ABOUT_RETURN_TYPE = YES;
				GCC_WARN_UNINITIALIZED_AUTOS = YES;
				GCC_WARN_UNUSED_VARIABLE = YES;
				IPHONEOS_DEPLOYMENT_TARGET = 5.1;
				SDKROOT = iphoneos;
			};
			name = Debug;
		};
		9FB4F15B15707BA2002EE549 /* Release */ = {
			isa = XCBuildConfiguration;
			buildSettings = {
				ALWAYS_SEARCH_USER_PATHS = NO;
				ARCHS = "$(ARCHS_STANDARD_32_BIT)";
				CLANG_ENABLE_OBJC_ARC = YES;
				"CODE_SIGN_IDENTITY[sdk=iphoneos*]" = "iPhone Developer";
				COPY_PHASE_STRIP = YES;
				GCC_C_LANGUAGE_STANDARD = gnu99;
				GCC_VERSION = com.apple.compilers.llvm.clang.1_0;
				GCC_WARN_ABOUT_RETURN_TYPE = YES;
				GCC_WARN_UNINITIALIZED_AUTOS = YES;
				GCC_WARN_UNUSED_VARIABLE = YES;
				IPHONEOS_DEPLOYMENT_TARGET = 5.1;
				OTHER_CFLAGS = "-DNS_BLOCK_ASSERTIONS=1";
				SDKROOT = iphoneos;
				VALIDATE_PRODUCT = YES;
			};
			name = Release;
		};
		9FB4F15D15707BA2002EE549 /* Debug */ = {
			isa = XCBuildConfiguration;
			baseConfigurationReference = 48F537BB258244ECB81BA6EA /* Pods.xcconfig */;
			buildSettings = {
				DSTROOT = /tmp/xcodeproj.dst;
				GCC_PRECOMPILE_PREFIX_HEADER = YES;
				GCC_PREFIX_HEADER = "dandan/dandan-Prefix.pch";
				GCC_VERSION = com.apple.compilers.llvm.clang.1_0;
				INFOPLIST_FILE = "dandan/dandan-Info.plist";
				PRODUCT_NAME = "$(TARGET_NAME)";
				SKIP_INSTALL = YES;
				WRAPPER_EXTENSION = app;
			};
			name = Debug;
		};
		9FB4F15E15707BA2002EE549 /* Release */ = {
			isa = XCBuildConfiguration;
			baseConfigurationReference = 48F537BB258244ECB81BA6EA /* Pods.xcconfig */;
			buildSettings = {
				DSTROOT = /tmp/xcodeproj.dst;
				GCC_PRECOMPILE_PREFIX_HEADER = YES;
				GCC_PREFIX_HEADER = "dandan/dandan-Prefix.pch";
				GCC_VERSION = com.apple.compilers.llvm.clang.1_0;
				INFOPLIST_FILE = "dandan/dandan-Info.plist";
				PRODUCT_NAME = "$(TARGET_NAME)";
				SKIP_INSTALL = YES;
				WRAPPER_EXTENSION = app;
			};
			name = Release;
		};
/* End XCBuildConfiguration section */

/* Begin XCConfigurationList section */
		9FB4F12D15707BA2002EE549 /* Build configuration list for PBXProject "dandan" */ = {
			isa = XCConfigurationList;
			buildConfigurations = (
				9FB4F15A15707BA2002EE549 /* Debug */,
				9FB4F15B15707BA2002EE549 /* Release */,
			);
			defaultConfigurationIsVisible = 0;
			defaultConfigurationName = Release;
		};
		9FB4F15C15707BA2002EE549 /* Build configuration list for PBXNativeTarget "dandan" */ = {
			isa = XCConfigurationList;
			buildConfigurations = (
				9FB4F15D15707BA2002EE549 /* Debug */,
				9FB4F15E15707BA2002EE549 /* Release */,
			);
			defaultConfigurationIsVisible = 0;
			defaultConfigurationName = Release;
		};
/* End XCConfigurationList section */
	};
	rootObject = 9FB4F12A15707BA2002EE549 /* Project object */;
}
